// !$*UTF8*$!
{
	archiveVersion = 1;
	classes = {
	};
	objectVersion = 46;
	objects = {

/* Begin PBXBuildFile section */
		1D485E391B00812700B6FF67 /* main.m in Sources */ = {isa = PBXBuildFile; fileRef = 1D485E381B00812700B6FF67 /* main.m */; };
		1D485E3C1B00812700B6FF67 /* AppDelegate.m in Sources */ = {isa = PBXBuildFile; fileRef = 1D485E3B1B00812700B6FF67 /* AppDelegate.m */; };
		1D485E3F1B00812700B6FF67 /* week11_2.xcdatamodeld in Sources */ = {isa = PBXBuildFile; fileRef = 1D485E3D1B00812700B6FF67 /* week11_2.xcdatamodeld */; };
		1D485E421B00812700B6FF67 /* MasterViewController.m in Sources */ = {isa = PBXBuildFile; fileRef = 1D485E411B00812700B6FF67 /* MasterViewController.m */; };
		1D485E451B00812700B6FF67 /* DetailViewController.m in Sources */ = {isa = PBXBuildFile; fileRef = 1D485E441B00812700B6FF67 /* DetailViewController.m */; };
		1D485E481B00812700B6FF67 /* Main.storyboard in Resources */ = {isa = PBXBuildFile; fileRef = 1D485E461B00812700B6FF67 /* Main.storyboard */; };
		1D485E4A1B00812700B6FF67 /* Images.xcassets in Resources */ = {isa = PBXBuildFile; fileRef = 1D485E491B00812700B6FF67 /* Images.xcassets */; };
		1D485E4D1B00812700B6FF67 /* LaunchScreen.xib in Resources */ = {isa = PBXBuildFile; fileRef = 1D485E4B1B00812700B6FF67 /* LaunchScreen.xib */; };
		1D485E591B00812700B6FF67 /* week11_2Tests.m in Sources */ = {isa = PBXBuildFile; fileRef = 1D485E581B00812700B6FF67 /* week11_2Tests.m */; };
/* End PBXBuildFile section */

/* Begin PBXContainerItemProxy section */
		1D485E531B00812700B6FF67 /* PBXContainerItemProxy */ = {
			isa = PBXContainerItemProxy;
			containerPortal = 1D485E2B1B00812700B6FF67 /* Project object */;
			proxyType = 1;
			remoteGlobalIDString = 1D485E321B00812700B6FF67;
			remoteInfo = week11_2;
		};
/* End PBXContainerItemProxy section */

/* Begin PBXFileReference section */
		1D485E331B00812700B6FF67 /* week11_2.app */ = {isa = PBXFileReference; explicitFileType = wrapper.application; includeInIndex = 0; path = week11_2.app; sourceTree = BUILT_PRODUCTS_DIR; };
		1D485E371B00812700B6FF67 /* Info.plist */ = {isa = PBXFileReference; lastKnownFileType = text.plist.xml; path = Info.plist; sourceTree = "<group>"; };
		1D485E381B00812700B6FF67 /* main.m */ = {isa = PBXFileReference; lastKnownFileType = sourcecode.c.objc; path = main.m; sourceTree = "<group>"; };
		1D485E3A1B00812700B6FF67 /* AppDelegate.h */ = {isa = PBXFileReference; lastKnownFileType = sourcecode.c.h; path = AppDelegate.h; sourceTree = "<group>"; };
		1D485E3B1B00812700B6FF67 /* AppDelegate.m */ = {isa = PBXFileReference; lastKnownFileType = sourcecode.c.objc; path = AppDelegate.m; sourceTree = "<group>"; };
		1D485E3E1B00812700B6FF67 /* week11_2.xcdatamodel */ = {isa = PBXFileReference; lastKnownFileType = wrapper.xcdatamodel; path = week11_2.xcdatamodel; sourceTree = "<group>"; };
		1D485E401B00812700B6FF67 /* MasterViewController.h */ = {isa = PBXFileReference; lastKnownFileType = sourcecode.c.h; path = MasterViewController.h; sourceTree = "<group>"; };
		1D485E411B00812700B6FF67 /* MasterViewController.m */ = {isa = PBXFileReference; lastKnownFileType = sourcecode.c.objc; path = MasterViewController.m; sourceTree = "<group>"; };
		1D485E431B00812700B6FF67 /* DetailViewController.h */ = {isa = PBXFileReference; lastKnownFileType = sourcecode.c.h; path = DetailViewController.h; sourceTree = "<group>"; };
		1D485E441B00812700B6FF67 /* DetailViewController.m */ = {isa = PBXFileReference; lastKnownFileType = sourcecode.c.objc; path = DetailViewController.m; sourceTree = "<group>"; };
		1D485E471B00812700B6FF67 /* Base */ = {isa = PBXFileReference; lastKnownFileType = file.storyboard; name = Base; path = Base.lproj/Main.storyboard; sourceTree = "<group>"; };
		1D485E491B00812700B6FF67 /* Images.xcassets */ = {isa = PBXFileReference; lastKnownFileType = folder.assetcatalog; path = Images.xcassets; sourceTree = "<group>"; };
		1D485E4C1B00812700B6FF67 /* Base */ = {isa = PBXFileReference; lastKnownFileType = file.xib; name = Base; path = Base.lproj/LaunchScreen.xib; sourceTree = "<group>"; };
		1D485E521B00812700B6FF67 /* week11_2Tests.xctest */ = {isa = PBXFileReference; explicitFileType = wrapper.cfbundle; includeInIndex = 0; path = week11_2Tests.xctest; sourceTree = BUILT_PRODUCTS_DIR; };
		1D485E571B00812700B6FF67 /* Info.plist */ = {isa = PBXFileReference; lastKnownFileType = text.plist.xml; path = Info.plist; sourceTree = "<group>"; };
		1D485E581B00812700B6FF67 /* week11_2Tests.m */ = {isa = PBXFileReference; lastKnownFileType = sourcecode.c.objc; path = week11_2Tests.m; sourceTree = "<group>"; };
/* End PBXFileReference section */

/* Begin PBXFrameworksBuildPhase section */
		1D485E301B00812700B6FF67 /* Frameworks */ = {
			isa = PBXFrameworksBuildPhase;
			buildActionMask = 2147483647;
			files = (
			);
			runOnlyForDeploymentPostprocessing = 0;
		};
		1D485E4F1B00812700B6FF67 /* Frameworks */ = {
			isa = PBXFrameworksBuildPhase;
			buildActionMask = 2147483647;
			files = (
			);
			runOnlyForDeploymentPostprocessing = 0;
		};
/* End PBXFrameworksBuildPhase section */

/* Begin PBXGroup section */
		1D485E2A1B00812700B6FF67 = {
			isa = PBXGroup;
			children = (
				1D485E351B00812700B6FF67 /* week11_2 */,
				1D485E551B00812700B6FF67 /* week11_2Tests */,
				1D485E341B00812700B6FF67 /* Products */,
			);
			sourceTree = "<group>";
		};
		1D485E341B00812700B6FF67 /* Products */ = {
			isa = PBXGroup;
			children = (
				1D485E331B00812700B6FF67 /* week11_2.app */,
				1D485E521B00812700B6FF67 /* week11_2Tests.xctest */,
			);
			name = Products;
			sourceTree = "<group>";
		};
		1D485E351B00812700B6FF67 /* week11_2 */ = {
			isa = PBXGroup;
			children = (
				1D485E3A1B00812700B6FF67 /* AppDelegate.h */,
				1D485E3B1B00812700B6FF67 /* AppDelegate.m */,
				1D485E401B00812700B6FF67 /* MasterViewController.h */,
				1D485E411B00812700B6FF67 /* MasterViewController.m */,
				1D485E431B00812700B6FF67 /* DetailViewController.h */,
				1D485E441B00812700B6FF67 /* DetailViewController.m */,
				1D485E461B00812700B6FF67 /* Main.storyboard */,
				1D485E491B00812700B6FF67 /* Images.xcassets */,
				1D485E4B1B00812700B6FF67 /* LaunchScreen.xib */,
				1D485E3D1B00812700B6FF67 /* week11_2.xcdatamodeld */,
				1D485E361B00812700B6FF67 /* Supporting Files */,
			);
			path = week11_2;
			sourceTree = "<group>";
		};
		1D485E361B00812700B6FF67 /* Supporting Files */ = {
			isa = PBXGroup;
			children = (
				1D485E371B00812700B6FF67 /* Info.plist */,
				1D485E381B00812700B6FF67 /* main.m */,
			);
			name = "Supporting Files";
			sourceTree = "<group>";
		};
		1D485E551B00812700B6FF67 /* week11_2Tests */ = {
			isa = PBXGroup;
			children = (
				1D485E581B00812700B6FF67 /* week11_2Tests.m */,
				1D485E561B00812700B6FF67 /* Supporting Files */,
			);
			path = week11_2Tests;
			sourceTree = "<group>";
		};
		1D485E561B00812700B6FF67 /* Supporting Files */ = {
			isa = PBXGroup;
			children = (
				1D485E571B00812700B6FF67 /* Info.plist */,
			);
			name = "Supporting Files";
			sourceTree = "<group>";
		};
/* End PBXGroup section */

/* Begin PBXNativeTarget section */
		1D485E321B00812700B6FF67 /* week11_2 */ = {
			isa = PBXNativeTarget;
			buildConfigurationList = 1D485E5C1B00812700B6FF67 /* Build configuration list for PBXNativeTarget "week11_2" */;
			buildPhases = (
				1D485E2F1B00812700B6FF67 /* Sources */,
				1D485E301B00812700B6FF67 /* Frameworks */,
				1D485E311B00812700B6FF67 /* Resources */,
			);
			buildRules = (
			);
			dependencies = (
			);
			name = week11_2;
			productName = week11_2;
			productReference = 1D485E331B00812700B6FF67 /* week11_2.app */;
			productType = "com.apple.product-type.application";
		};
		1D485E511B00812700B6FF67 /* week11_2Tests */ = {
			isa = PBXNativeTarget;
			buildConfigurationList = 1D485E5F1B00812700B6FF67 /* Build configuration list for PBXNativeTarget "week11_2Tests" */;
			buildPhases = (
				1D485E4E1B00812700B6FF67 /* Sources */,
				1D485E4F1B00812700B6FF67 /* Frameworks */,
				1D485E501B00812700B6FF67 /* Resources */,
			);
			buildRules = (
			);
			dependencies = (
				1D485E541B00812700B6FF67 /* PBXTargetDependency */,
			);
			name = week11_2Tests;
			productName = week11_2Tests;
			productReference = 1D485E521B00812700B6FF67 /* week11_2Tests.xctest */;
			productType = "com.apple.product-type.bundle.unit-test";
		};
/* End PBXNativeTarget section */

/* Begin PBXProject section */
		1D485E2B1B00812700B6FF67 /* Project object */ = {
			isa = PBXProject;
			attributes = {
				LastUpgradeCheck = 0630;
				ORGANIZATIONNAME = org.next;
				TargetAttributes = {
					1D485E321B00812700B6FF67 = {
						CreatedOnToolsVersion = 6.3.1;
					};
					1D485E511B00812700B6FF67 = {
						CreatedOnToolsVersion = 6.3.1;
						TestTargetID = 1D485E321B00812700B6FF67;
					};
				};
			};
			buildConfigurationList = 1D485E2E1B00812700B6FF67 /* Build configuration list for PBXProject "week11_2" */;
			compatibilityVersion = "Xcode 3.2";
			developmentRegion = English;
			hasScannedForEncodings = 0;
			knownRegions = (
				en,
				Base,
			);
			mainGroup = 1D485E2A1B00812700B6FF67;
			productRefGroup = 1D485E341B00812700B6FF67 /* Products */;
			projectDirPath = "";
			projectRoot = "";
			targets = (
				1D485E321B00812700B6FF67 /* week11_2 */,
				1D485E511B00812700B6FF67 /* week11_2Tests */,
			);
		};
/* End PBXProject section */

/* Begin PBXResourcesBuildPhase section */
		1D485E311B00812700B6FF67 /* Resources */ = {
			isa = PBXResourcesBuildPhase;
			buildActionMask = 2147483647;
			files = (
				1D485E481B00812700B6FF67 /* Main.storyboard in Resources */,
				1D485E4D1B00812700B6FF67 /* LaunchScreen.xib in Resources */,
				1D485E4A1B00812700B6FF67 /* Images.xcassets in Resources */,
			);
			runOnlyForDeploymentPostprocessing = 0;
		};
		1D485E501B00812700B6FF67 /* Resources */ = {
			isa = PBXResourcesBuildPhase;
			buildActionMask = 2147483647;
			files = (
			);
			runOnlyForDeploymentPostprocessing = 0;
		};
/* End PBXResourcesBuildPhase section */

/* Begin PBXSourcesBuildPhase section */
		1D485E2F1B00812700B6FF67 /* Sources */ = {
			isa = PBXSourcesBuildPhase;
			buildActionMask = 2147483647;
			files = (
				1D485E451B00812700B6FF67 /* DetailViewController.m in Sources */,
				1D485E421B00812700B6FF67 /* MasterViewController.m in Sources */,
				1D485E3C1B00812700B6FF67 /* AppDelegate.m in Sources */,
				1D485E391B00812700B6FF67 /* main.m in Sources */,
				1D485E3F1B00812700B6FF67 /* week11_2.xcdatamodeld in Sources */,
			);
			runOnlyForDeploymentPostprocessing = 0;
		};
		1D485E4E1B00812700B6FF67 /* Sources */ = {
			isa = PBXSourcesBuildPhase;
			buildActionMask = 2147483647;
			files = (
				1D485E591B00812700B6FF67 /* week11_2Tests.m in Sources */,
			);
			runOnlyForDeploymentPostprocessing = 0;
		};
/* End PBXSourcesBuildPhase section */

/* Begin PBXTargetDependency section */
		1D485E541B00812700B6FF67 /* PBXTargetDependency */ = {
			isa = PBXTargetDependency;
			target = 1D485E321B00812700B6FF67 /* week11_2 */;
			targetProxy = 1D485E531B00812700B6FF67 /* PBXContainerItemProxy */;
		};
/* End PBXTargetDependency section */

/* Begin PBXVariantGroup section */
		1D485E461B00812700B6FF67 /* Main.storyboard */ = {
			isa = PBXVariantGroup;
			children = (
				1D485E471B00812700B6FF67 /* Base */,
			);
			name = Main.storyboard;
			sourceTree = "<group>";
		};
		1D485E4B1B00812700B6FF67 /* LaunchScreen.xib */ = {
			isa = PBXVariantGroup;
			children = (
				1D485E4C1B00812700B6FF67 /* Base */,
			);
			name = LaunchScreen.xib;
			sourceTree = "<group>";
		};
/* End PBXVariantGroup section */

/* Begin XCBuildConfiguration section */
		1D485E5A1B00812700B6FF67 /* Debug */ = {
			isa = XCBuildConfiguration;
			buildSettings = {
				ALWAYS_SEARCH_USER_PATHS = NO;
				CLANG_CXX_LANGUAGE_STANDARD = "gnu++0x";
				CLANG_CXX_LIBRARY = "libc++";
				CLANG_ENABLE_MODULES = YES;
				CLANG_ENABLE_OBJC_ARC = YES;
				CLANG_WARN_BOOL_CONVERSION = YES;
				CLANG_WARN_CONSTANT_CONVERSION = YES;
				CLANG_WARN_DIRECT_OBJC_ISA_USAGE = YES_ERROR;
				CLANG_WARN_EMPTY_BODY = YES;
				CLANG_WARN_ENUM_CONVERSION = YES;
				CLANG_WARN_INT_CONVERSION = YES;
				CLANG_WARN_OBJC_ROOT_CLASS = YES_ERROR;
				CLANG_WARN_UNREACHABLE_CODE = YES;
				CLANG_WARN__DUPLICATE_METHOD_MATCH = YES;
				"CODE_SIGN_IDENTITY[sdk=iphoneos*]" = "iPhone Developer";
				COPY_PHASE_STRIP = NO;
				DEBUG_INFORMATION_FORMAT = "dwarf-with-dsym";
				ENABLE_STRICT_OBJC_MSGSEND = YES;
				GCC_C_LANGUAGE_STANDARD = gnu99;
				GCC_DYNAMIC_NO_PIC = NO;
				GCC_NO_COMMON_BLOCKS = YES;
				GCC_OPTIMIZATION_LEVEL = 0;
				GCC_PREPROCESSOR_DEFINITIONS = (
					"DEBUG=1",
					"$(inherited)",
				);
				GCC_SYMBOLS_PRIVATE_EXTERN = NO;
				GCC_WARN_64_TO_32_BIT_CONVERSION = YES;
				GCC_WARN_ABOUT_RETURN_TYPE = YES_ERROR;
				GCC_WARN_UNDECLARED_SELECTOR = YES;
				GCC_WARN_UNINITIALIZED_AUTOS = YES_AGGRESSIVE;
				GCC_WARN_UNUSED_FUNCTION = YES;
				GCC_WARN_UNUSED_VARIABLE = YES;
				IPHONEOS_DEPLOYMENT_TARGET = 8.3;
				MTL_ENABLE_DEBUG_INFO = YES;
				ONLY_ACTIVE_ARCH = YES;
				SDKROOT = iphoneos;
			};
			name = Debug;
		};
		1D485E5B1B00812700B6FF67 /* Release */ = {
			isa = XCBuildConfiguration;
			buildSettings = {
				ALWAYS_SEARCH_USER_PATHS = NO;
				CLANG_CXX_LANGUAGE_STANDARD = "gnu++0x";
				CLANG_CXX_LIBRARY = "libc++";
				CLANG_ENABLE_MODULES = YES;
				CLANG_ENABLE_OBJC_ARC = YES;
				CLANG_WARN_BOOL_CONVERSION = YES;
				CLANG_WARN_CONSTANT_CONVERSION = YES;
				CLANG_WARN_DIRECT_OBJC_ISA_USAGE = YES_ERROR;
				CLANG_WARN_EMPTY_BODY = YES;
				CLANG_WARN_ENUM_CONVERSION = YES;
				CLANG_WARN_INT_CONVERSION = YES;
				CLANG_WARN_OBJC_ROOT_CLASS = YES_ERROR;
				CLANG_WARN_UNREACHABLE_CODE = YES;
				CLANG_WARN__DUPLICATE_METHOD_MATCH = YES;
				"CODE_SIGN_IDENTITY[sdk=iphoneos*]" = "iPhone Developer";
				COPY_PHASE_STRIP = NO;
				DEBUG_INFORMATION_FORMAT = "dwarf-with-dsym";
				ENABLE_NS_ASSERTIONS = NO;
				ENABLE_STRICT_OBJC_MSGSEND = YES;
				GCC_C_LANGUAGE_STANDARD = gnu99;
				GCC_NO_COMMON_BLOCKS = YES;
				GCC_WARN_64_TO_32_BIT_CONVERSION = YES;
				GCC_WARN_ABOUT_RETURN_TYPE = YES_ERROR;
				GCC_WARN_UNDECLARED_SELECTOR = YES;
				GCC_WARN_UNINITIALIZED_AUTOS = YES_AGGRESSIVE;
				GCC_WARN_UNUSED_FUNCTION = YES;
				GCC_WARN_UNUSED_VARIABLE = YES;
				IPHONEOS_DEPLOYMENT_TARGET = 8.3;
				MTL_ENABLE_DEBUG_INFO = NO;
				SDKROOT = iphoneos;
				VALIDATE_PRODUCT = YES;
			};
			name = Release;
		};
		1D485E5D1B00812700B6FF67 /* Debug */ = {
			isa = XCBuildConfiguration;
			buildSettings = {
				ASSETCATALOG_COMPILER_APPICON_NAME = AppIcon;
				INFOPLIST_FILE = week11_2/Info.plist;
				LD_RUNPATH_SEARCH_PATHS = "$(inherited) @executable_path/Frameworks";
				PRODUCT_NAME = "$(TARGET_NAME)";
			};
			name = Debug;
		};
		1D485E5E1B00812700B6FF67 /* Release */ = {
			isa = XCBuildConfiguration;
			buildSettings = {
				ASSETCATALOG_COMPILER_APPICON_NAME = AppIcon;
				INFOPLIST_FILE = week11_2/Info.plist;
				LD_RUNPATH_SEARCH_PATHS = "$(inherited) @executable_path/Frameworks";
				PRODUCT_NAME = "$(TARGET_NAME)";
			};
			name = Release;
		};
		1D485E601B00812700B6FF67 /* Debug */ = {
			isa = XCBuildConfiguration;
			buildSettings = {
				BUNDLE_LOADER = "$(TEST_HOST)";
				FRAMEWORK_SEARCH_PATHS = (
					"$(SDKROOT)/Developer/Library/Frameworks",
					"$(inherited)",
				);
				GCC_PREPROCESSOR_DEFINITIONS = (
					"DEBUG=1",
					"$(inherited)",
				);
				INFOPLIST_FILE = week11_2Tests/Info.plist;
				LD_RUNPATH_SEARCH_PATHS = "$(inherited) @executable_path/Frameworks @loader_path/Frameworks";
				PRODUCT_NAME = "$(TARGET_NAME)";
				TEST_HOST = "$(BUILT_PRODUCTS_DIR)/week11_2.app/week11_2";
			};
			name = Debug;
		};
		1D485E611B00812700B6FF67 /* Release */ = {
			isa = XCBuildConfiguration;
			buildSettings = {
				BUNDLE_LOADER = "$(TEST_HOST)";
				FRAMEWORK_SEARCH_PATHS = (
					"$(SDKROOT)/Developer/Library/Frameworks",
					"$(inherited)",
				);
				INFOPLIST_FILE = week11_2Tests/Info.plist;
				LD_RUNPATH_SEARCH_PATHS = "$(inherited) @executable_path/Frameworks @loader_path/Frameworks";
				PRODUCT_NAME = "$(TARGET_NAME)";
				TEST_HOST = "$(BUILT_PRODUCTS_DIR)/week11_2.app/week11_2";
			};
			name = Release;
		};
/* End XCBuildConfiguration section */

/* Begin XCConfigurationList section */
		1D485E2E1B00812700B6FF67 /* Build configuration list for PBXProject "week11_2" */ = {
			isa = XCConfigurationList;
			buildConfigurations = (
				1D485E5A1B00812700B6FF67 /* Debug */,
				1D485E5B1B00812700B6FF67 /* Release */,
			);
			defaultConfigurationIsVisible = 0;
			defaultConfigurationName = Release;
		};
		1D485E5C1B00812700B6FF67 /* Build configuration list for PBXNativeTarget "week11_2" */ = {
			isa = XCConfigurationList;
			buildConfigurations = (
				1D485E5D1B00812700B6FF67 /* Debug */,
				1D485E5E1B00812700B6FF67 /* Release */,
			);
			defaultConfigurationIsVisible = 0;
		};
		1D485E5F1B00812700B6FF67 /* Build configuration list for PBXNativeTarget "week11_2Tests" */ = {
			isa = XCConfigurationList;
			buildConfigurations = (
				1D485E601B00812700B6FF67 /* Debug */,
				1D485E611B00812700B6FF67 /* Release */,
			);
			defaultConfigurationIsVisible = 0;
		};
/* End XCConfigurationList section */

/* Begin XCVersionGroup section */
		1D485E3D1B00812700B6FF67 /* week11_2.xcdatamodeld */ = {
			isa = XCVersionGroup;
			children = (
				1D485E3E1B00812700B6FF67 /* week11_2.xcdatamodel */,
			);
			currentVersion = 1D485E3E1B00812700B6FF67 /* week11_2.xcdatamodel */;
			path = week11_2.xcdatamodeld;
			sourceTree = "<group>";
			versionGroupType = wrapper.xcdatamodel;
		};
/* End XCVersionGroup section */
	};
	rootObject = 1D485E2B1B00812700B6FF67 /* Project object */;
}
